
Microsoft Visual Studio Solution File, Format Version 12.00
# Visual Studio Version 17
VisualStudioVersion = 17.3.32901.215
MinimumVisualStudioVersion = 10.0.40219.1
Project("{FAE04EC0-301F-11D3-BF4B-00C04F79EFBC}") = "CodeFirst", "CodeFirst\CodeFirst.csproj", "{FE4B6182-8973-41BC-87A0-9236AB5670BB}"
EndProject
Global
	GlobalSection(SolutionConfigurationPlatforms) = preSolution
		Debug|Any CPU = Debug|Any CPU
		Release|Any CPU = Release|Any CPU
	EndGlobalSection
	GlobalSection(ProjectConfigurationPlatforms) = postSolution
		{FE4B6182-8973-41BC-87A0-9236AB5670BB}.Debug|Any CPU.ActiveCfg = Debug|Any CPU
		{FE4B6182-8973-41BC-87A0-9236AB5670BB}.Debug|Any CPU.Build.0 = Debug|Any CPU
		{FE4B6182-8973-41BC-87A0-9236AB5670BB}.Release|Any CPU.ActiveCfg = Release|Any CPU
		{FE4B6182-8973-41BC-87A0-9236AB5670BB}.Release|Any CPU.Build.0 = Release|Any CPU
	EndGlobalSection
	GlobalSection(SolutionProperties) = preSolution
		HideSolutionNode = FALSE
	EndGlobalSection
	GlobalSection(ExtensibilityGlobals) = postSolution
		SolutionGuid = {691BF0CF-B271-4BEF-9852-EFEA3D00B37E}
	EndGlobalSection
EndGlobal
